# THIS IS AN AUTOGENERATED FILE. DO NOT EDIT THIS FILE DIRECTLY.
# yarn lockfile v1


typescript@3.9.0-dev.20200315:
  version "3.9.0-dev.20200315"
  resolved "https://registry.yarnpkg.com/typescript/-/typescript-3.9.0-dev.20200315.tgz#16f2ed2fb14322ad139be82978d1bb0dd2406cea"
  integrity sha512-4QmC3VxIPw692ntDrT4KNoqUZGCwV5zy7/jhIxcBwenzCZiWfm18nSpnK2vvpBycSPW2vKblOPcZENAtaRXGQQ==
