# THIS IS AN AUTOGENERATED FILE. DO NOT EDIT THIS FILE DIRECTLY.
# yarn lockfile v1


typescript@5.5.0-dev.20240327:
  version "5.5.0-dev.20240327"
  resolved "https://registry.yarnpkg.com/typescript/-/typescript-5.5.0-dev.20240327.tgz#bd5aa22496947a32eef83f2339b04c51cccaebaf"
  integrity sha512-8nAu1p3cwPDGwuJ2XyLonUMdWYtHIyFRi/3qA0FYNmArajdxYW15fh9szcDlLF1nPz/3kM7sbT1q8K7GLTPvxA==
